
Microsoft Visual Studio Solution File, Format Version 12.00
# Visual Studio Version 16
VisualStudioVersion = 16.0.31702.278
MinimumVisualStudioVersion = 10.0.40219.1
Project("{FAE04EC0-301F-11D3-BF4B-00C04F79EFBC}") = "CompanyFullProject", "CompanyFullProject\CompanyFullProject.csproj", "{A068C5AC-91E7-4BC4-AE68-D6237C1A33E8}"
EndProject
Global
	GlobalSection(SolutionConfigurationPlatforms) = preSolution
		Debug|Any CPU = Debug|Any CPU
		Release|Any CPU = Release|Any CPU
	EndGlobalSection
	GlobalSection(ProjectConfigurationPlatforms) = postSolution
		{A068C5AC-91E7-4BC4-AE68-D6237C1A33E8}.Debug|Any CPU.ActiveCfg = Debug|Any CPU
		{A068C5AC-91E7-4BC4-AE68-D6237C1A33E8}.Debug|Any CPU.Build.0 = Debug|Any CPU
		{A068C5AC-91E7-4BC4-AE68-D6237C1A33E8}.Release|Any CPU.ActiveCfg = Release|Any CPU
		{A068C5AC-91E7-4BC4-AE68-D6237C1A33E8}.Release|Any CPU.Build.0 = Release|Any CPU
	EndGlobalSection
	GlobalSection(SolutionProperties) = preSolution
		HideSolutionNode = FALSE
	EndGlobalSection
	GlobalSection(ExtensibilityGlobals) = postSolution
		SolutionGuid = {12AAFA27-91A8-495A-9728-C903DAD39E49}
	EndGlobalSection
EndGlobal
